
Microsoft Visual Studio Solution File, Format Version 12.00
# Visual Studio 15
VisualStudioVersion = 15.0.26730.16
MinimumVisualStudioVersion = 10.0.40219.1
Project("{FAE04EC0-301F-11D3-BF4B-00C04F79EFBC}") = "SCDSC", "SCDSC\SCDSC.csproj", "{1EEE3054-697B-4F18-8A2E-E97312710A21}"
EndProject
Project("{CAA73BB0-EF22-4D79-A57E-DF67B3BA9C80}") = "SCDSC.Tds.Master", "SCDSC.Tds.Master\SCDSC.Tds.Master.scproj", "{4B3BAF7E-5502-42EB-8718-4A6347292E2B}"
EndProject
Project("{2150E333-8FDC-42A3-9474-1A3956D46DE8}") = "Solution Items", "Solution Items", "{91380735-43DB-4753-992A-1FE94801087E}"
	ProjectSection(SolutionItems) = preProject
		..\App_Config\Include\SCDSC.config = ..\App_Config\Include\SCDSC.config
		..\SitecorePackages\SCDSC.package = ..\SitecorePackages\SCDSC.package
	EndProjectSection
EndProject
Global
	GlobalSection(SolutionConfigurationPlatforms) = preSolution
		Debug|Any CPU = Debug|Any CPU
		Release|Any CPU = Release|Any CPU
	EndGlobalSection
	GlobalSection(ProjectConfigurationPlatforms) = postSolution
		{1EEE3054-697B-4F18-8A2E-E97312710A21}.Debug|Any CPU.ActiveCfg = Debug|Any CPU
		{1EEE3054-697B-4F18-8A2E-E97312710A21}.Debug|Any CPU.Build.0 = Debug|Any CPU
		{1EEE3054-697B-4F18-8A2E-E97312710A21}.Release|Any CPU.ActiveCfg = Release|Any CPU
		{1EEE3054-697B-4F18-8A2E-E97312710A21}.Release|Any CPU.Build.0 = Release|Any CPU
		{4B3BAF7E-5502-42EB-8718-4A6347292E2B}.Debug|Any CPU.ActiveCfg = Debug|Any CPU
		{4B3BAF7E-5502-42EB-8718-4A6347292E2B}.Debug|Any CPU.Build.0 = Debug|Any CPU
		{4B3BAF7E-5502-42EB-8718-4A6347292E2B}.Debug|Any CPU.Deploy.0 = Debug|Any CPU
		{4B3BAF7E-5502-42EB-8718-4A6347292E2B}.Release|Any CPU.ActiveCfg = Release|Any CPU
		{4B3BAF7E-5502-42EB-8718-4A6347292E2B}.Release|Any CPU.Build.0 = Release|Any CPU
		{4B3BAF7E-5502-42EB-8718-4A6347292E2B}.Release|Any CPU.Deploy.0 = Release|Any CPU
	EndGlobalSection
	GlobalSection(SolutionProperties) = preSolution
		HideSolutionNode = FALSE
	EndGlobalSection
	GlobalSection(ExtensibilityGlobals) = postSolution
		SolutionGuid = {076DA6B8-ABDB-40ED-9D52-5EA7C85DC87E}
	EndGlobalSection
EndGlobal
